PODS:
  - Alamofire (4.7.3)
  - MBProgressHUD (1.0.0)
  - SwiftyJSON (3.1.4)

DEPENDENCIES:
  - Alamofire (~> 4.7)
  - MBProgressHUD (~> 1.0.0)
  - SwiftyJSON (~> 3.1.4)

SPEC REPOS:
  https://github.com/cocoapods/specs.git:
    - Alamofire
    - MBProgressHUD
    - SwiftyJSON

SPEC CHECKSUMS:
  Alamofire: c7287b6e5d7da964a70935e5db17046b7fde6568
  MBProgressHUD: 4890f671c94e8a0f3cf959aa731e9de2f036d71a
  SwiftyJSON: c2842d878f95482ffceec5709abc3d05680c0220

PODFILE CHECKSUM: 8469b59385ae2a89c9e6e9760e73fbf354cb5919

COCOAPODS: 1.5.3
